<?xml version="1.0" encoding="utf-8"?>
<Project ToolsVersion="4.0" xmlns="http://schemas.microsoft.com/developer/msbuild/2003">
  <ItemGroup>
    <Filter Include="소스 파일">
      <UniqueIdentifier>{4FC737F1-C7A5-4376-A066-2A32D752A2FF}</UniqueIdentifier>
      <Extensions>cpp;c;cc;cxx;c++;cppm;ixx;def;odl;idl;hpj;bat;asm;asmx</Extensions>
    </Filter>
    <Filter Include="헤더 파일">
      <UniqueIdentifier>{93995380-89BD-4b04-88EB-625FBE52EBFB}</UniqueIdentifier>
      <Extensions>h;hh;hpp;hxx;h++;hm;inl;inc;ipp;xsd</Extensions>
    </Filter>
    <Filter Include="리소스 파일">
      <UniqueIdentifier>{67DA6AB6-F800-4c08-8B7A-83BB121AAD01}</UniqueIdentifier>
      <Extensions>rc;ico;cur;bmp;dlg;rc2;rct;bin;rgs;gif;jpg;jpeg;jpe;resx;tiff;tif;png;wav;mfcribbon-ms</Extensions>
    </Filter>
  </ItemGroup>
  <ItemGroup>
    <ClInclude Include="Influencer-maker.h">
      <Filter>헤더 파일</Filter>
    </ClInclude>
    <ClInclude Include="Influencer-makerDlg.h">
      <Filter>헤더 파일</Filter>
    </ClInclude>
    <ClInclude Include="framework.h">
      <Filter>헤더 파일</Filter>
    </ClInclude>
    <ClInclude Include="targetver.h">
      <Filter>헤더 파일</Filter>
    </ClInclude>
    <ClInclude Include="Resource.h">
      <Filter>헤더 파일</Filter>
    </ClInclude>
    <ClInclude Include="pch.h">
      <Filter>헤더 파일</Filter>
    </ClInclude>
    <ClInclude Include="CInformationDlg.h">
      <Filter>헤더 파일</Filter>
    </ClInclude>
    <ClInclude Include="CLiveChoiceDlg.h">
      <Filter>헤더 파일</Filter>
    </ClInclude>
    <ClInclude Include="CMainDlg.h">
      <Filter>헤더 파일</Filter>
    </ClInclude>
    <ClInclude Include="CRandomChoiceDlg.h">
      <Filter>헤더 파일</Filter>
    </ClInclude>
    <ClInclude Include="CResultDlg.h">
      <Filter>헤더 파일</Filter>
    </ClInclude>
    <ClInclude Include="CStoryDlg.h">
      <Filter>헤더 파일</Filter>
    </ClInclude>
    <ClInclude Include="CLiveDlg.h">
      <Filter>헤더 파일</Filter>
    </ClInclude>
    <ClInclude Include="CLiveResultDlg.h">
      <Filter>헤더 파일</Filter>
    </ClInclude>
    <ClInclude Include="CTrendResultDlg.h">
      <Filter>헤더 파일</Filter>
    </ClInclude>
    <ClInclude Include="CRandomResultDlg.h">
      <Filter>헤더 파일</Filter>
    </ClInclude>
    <ClInclude Include="Player.h">
      <Filter>헤더 파일</Filter>
    </ClInclude>
    <ClInclude Include="RandomEvent.h">
      <Filter>헤더 파일</Filter>
    </ClInclude>
    <ClInclude Include="CShopDlg.h">
      <Filter>헤더 파일</Filter>
    </ClInclude>
    <ClInclude Include="CShopResultDlg.h">
      <Filter>헤더 파일</Filter>
    </ClInclude>
    <ClInclude Include="CLiveChat.h">
      <Filter>헤더 파일</Filter>
    </ClInclude>
  </ItemGroup>
  <ItemGroup>
    <ClCompile Include="Influencer-maker.cpp">
      <Filter>소스 파일</Filter>
    </ClCompile>
    <ClCompile Include="Influencer-makerDlg.cpp">
      <Filter>소스 파일</Filter>
    </ClCompile>
    <ClCompile Include="pch.cpp">
      <Filter>소스 파일</Filter>
    </ClCompile>
    <ClCompile Include="CInformationDlg.cpp">
      <Filter>소스 파일</Filter>
    </ClCompile>
    <ClCompile Include="CLiveChoiceDlg.cpp">
      <Filter>소스 파일</Filter>
    </ClCompile>
    <ClCompile Include="CMainDlg.cpp">
      <Filter>소스 파일</Filter>
    </ClCompile>
    <ClCompile Include="CRandomChoiceDlg.cpp">
      <Filter>소스 파일</Filter>
    </ClCompile>
    <ClCompile Include="CResultDlg.cpp">
      <Filter>소스 파일</Filter>
    </ClCompile>
    <ClCompile Include="CStoryDlg.cpp">
      <Filter>소스 파일</Filter>
    </ClCompile>
    <ClCompile Include="CLiveDlg.cpp">
      <Filter>소스 파일</Filter>
    </ClCompile>
    <ClCompile Include="CLiveResultDlg.cpp">
      <Filter>소스 파일</Filter>
    </ClCompile>
    <ClCompile Include="CTrendResultDlg.cpp">
      <Filter>소스 파일</Filter>
    </ClCompile>
    <ClCompile Include="CRandomResultDlg.cpp">
      <Filter>소스 파일</Filter>
    </ClCompile>
    <ClCompile Include="Player.cpp">
      <Filter>소스 파일</Filter>
    </ClCompile>
    <ClCompile Include="RandomEvent.cpp">
      <Filter>소스 파일</Filter>
    </ClCompile>
    <ClCompile Include="CShopDlg.cpp">
      <Filter>소스 파일</Filter>
    </ClCompile>
    <ClCompile Include="CShopResultDlg.cpp">
      <Filter>소스 파일</Filter>
    </ClCompile>
    <ClCompile Include="CLiveChat.cpp">
      <Filter>소스 파일</Filter>
    </ClCompile>
  </ItemGroup>
  <ItemGroup>
    <ResourceCompile Include="Influencermaker.rc">
      <Filter>리소스 파일</Filter>
    </ResourceCompile>
  </ItemGroup>
  <ItemGroup>
    <None Include="res\Influencermaker.rc2">
      <Filter>리소스 파일</Filter>
    </None>
  </ItemGroup>
  <ItemGroup>
    <Image Include="res\Influencer-maker.ico">
      <Filter>리소스 파일</Filter>
    </Image>
    <Image Include="..\..\..\OneDrive\바탕 화면\KakaoTalk_20241129_230516186.bmp">
      <Filter>리소스 파일</Filter>
    </Image>
    <Image Include="res\logo.bmp">
      <Filter>리소스 파일</Filter>
    </Image>
    <Image Include="res\logo_50.bmp">
      <Filter>리소스 파일</Filter>
    </Image>
    <Image Include="res\logo_resized.bmp">
      <Filter>리소스 파일</Filter>
    </Image>
    <Image Include="res\live_image (5).bmp">
      <Filter>리소스 파일</Filter>
    </Image>
    <Image Include="res\live_image (1).bmp">
      <Filter>리소스 파일</Filter>
    </Image>
    <Image Include="res\live_image (2).bmp">
      <Filter>리소스 파일</Filter>
    </Image>
    <Image Include="res\live_image (3).bmp">
      <Filter>리소스 파일</Filter>
    </Image>
    <Image Include="res\live_image (4).bmp">
      <Filter>리소스 파일</Filter>
    </Image>
    <Image Include="res\main_select (1).bmp">
      <Filter>리소스 파일</Filter>
    </Image>
    <Image Include="res\main_select (2).bmp">
      <Filter>리소스 파일</Filter>
    </Image>
    <Image Include="res\main_select (3).bmp">
      <Filter>리소스 파일</Filter>
    </Image>
    <Image Include="res\main_select (4).bmp">
      <Filter>리소스 파일</Filter>
    </Image>
    <Image Include="res\main_image (1).bmp">
      <Filter>리소스 파일</Filter>
    </Image>
    <Image Include="res\main_icon (2).bmp">
      <Filter>리소스 파일</Filter>
    </Image>
    <Image Include="res\main_icon (1).bmp">
      <Filter>리소스 파일</Filter>
    </Image>
    <Image Include="res\story (3).bmp">
      <Filter>리소스 파일</Filter>
    </Image>
    <Image Include="res\story (2).bmp">
      <Filter>리소스 파일</Filter>
    </Image>
    <Image Include="res\story (1).bmp">
      <Filter>리소스 파일</Filter>
    </Image>
    <Image Include="res\main_image (2).bmp">
      <Filter>리소스 파일</Filter>
    </Image>
    <Image Include="res\logo_new.bmp">
      <Filter>리소스 파일</Filter>
    </Image>
    <Image Include="res\button_start.bmp">
      <Filter>리소스 파일</Filter>
    </Image>
    <Image Include="res\main_icon (4).bmp">
      <Filter>리소스 파일</Filter>
    </Image>
    <Image Include="res\main_icon (3).bmp">
      <Filter>리소스 파일</Filter>
    </Image>
  </ItemGroup>
  <ItemGroup>
    <Media Include="..\..\..\Downloads\never-again-108445.wav">
      <Filter>리소스 파일</Filter>
    </Media>
  </ItemGroup>
</Project>